
Microsoft Visual Studio Solution File, Format Version 12.00
# Visual Studio Version 17
VisualStudioVersion = 17.3.32922.545
MinimumVisualStudioVersion = 10.0.40219.1
Project("{FAE04EC0-301F-11D3-BF4B-00C04F79EFBC}") = "RestWebApi", "RestWebApi\RestWebApi.csproj", "{0E2C61D3-868A-4D4E-8A4B-910FC6BCE4C5}"
EndProject
Project("{FAE04EC0-301F-11D3-BF4B-00C04F79EFBC}") = "RestWebApi.DAL", "RestWebApi.DAL\RestWebApi.DAL.csproj", "{AB8DC4EA-0ECF-43CF-AFBA-12A5F522FD78}"
EndProject
Project("{FAE04EC0-301F-11D3-BF4B-00C04F79EFBC}") = "RestWebApi.BLL", "RestWebApi.BLL\RestWebApi.BLL.csproj", "{BED3DB14-7CAF-45A5-B0E6-AD7B975DA7EF}"
EndProject
Global
	GlobalSection(SolutionConfigurationPlatforms) = preSolution
		Debug|Any CPU = Debug|Any CPU
		Release|Any CPU = Release|Any CPU
	EndGlobalSection
	GlobalSection(ProjectConfigurationPlatforms) = postSolution
		{0E2C61D3-868A-4D4E-8A4B-910FC6BCE4C5}.Debug|Any CPU.ActiveCfg = Debug|Any CPU
		{0E2C61D3-868A-4D4E-8A4B-910FC6BCE4C5}.Debug|Any CPU.Build.0 = Debug|Any CPU
		{0E2C61D3-868A-4D4E-8A4B-910FC6BCE4C5}.Release|Any CPU.ActiveCfg = Release|Any CPU
		{0E2C61D3-868A-4D4E-8A4B-910FC6BCE4C5}.Release|Any CPU.Build.0 = Release|Any CPU
		{AB8DC4EA-0ECF-43CF-AFBA-12A5F522FD78}.Debug|Any CPU.ActiveCfg = Debug|Any CPU
		{AB8DC4EA-0ECF-43CF-AFBA-12A5F522FD78}.Debug|Any CPU.Build.0 = Debug|Any CPU
		{AB8DC4EA-0ECF-43CF-AFBA-12A5F522FD78}.Release|Any CPU.ActiveCfg = Release|Any CPU
		{AB8DC4EA-0ECF-43CF-AFBA-12A5F522FD78}.Release|Any CPU.Build.0 = Release|Any CPU
		{BED3DB14-7CAF-45A5-B0E6-AD7B975DA7EF}.Debug|Any CPU.ActiveCfg = Debug|Any CPU
		{BED3DB14-7CAF-45A5-B0E6-AD7B975DA7EF}.Debug|Any CPU.Build.0 = Debug|Any CPU
		{BED3DB14-7CAF-45A5-B0E6-AD7B975DA7EF}.Release|Any CPU.ActiveCfg = Release|Any CPU
		{BED3DB14-7CAF-45A5-B0E6-AD7B975DA7EF}.Release|Any CPU.Build.0 = Release|Any CPU
	EndGlobalSection
	GlobalSection(SolutionProperties) = preSolution
		HideSolutionNode = FALSE
	EndGlobalSection
	GlobalSection(ExtensibilityGlobals) = postSolution
		SolutionGuid = {94B1BEA0-950F-4AC5-BAE5-029ADBF74421}
	EndGlobalSection
EndGlobal
